
Microsoft Visual Studio Solution File, Format Version 12.00
# Visual Studio Version 17
VisualStudioVersion = 17.13.35617.110
MinimumVisualStudioVersion = 10.0.40219.1
Project("{FAE04EC0-301F-11D3-BF4B-00C04F79EFBC}") = "TaskService", "TaskService\TaskService.csproj", "{EFA831AA-B0DA-4221-A73B-EEEC385D1DD1}"
EndProject
Global
	GlobalSection(SolutionConfigurationPlatforms) = preSolution
		Debug|Any CPU = Debug|Any CPU
		Release|Any CPU = Release|Any CPU
	EndGlobalSection
	GlobalSection(ProjectConfigurationPlatforms) = postSolution
		{EFA831AA-B0DA-4221-A73B-EEEC385D1DD1}.Debug|Any CPU.ActiveCfg = Debug|Any CPU
		{EFA831AA-B0DA-4221-A73B-EEEC385D1DD1}.Debug|Any CPU.Build.0 = Debug|Any CPU
		{EFA831AA-B0DA-4221-A73B-EEEC385D1DD1}.Release|Any CPU.ActiveCfg = Release|Any CPU
		{EFA831AA-B0DA-4221-A73B-EEEC385D1DD1}.Release|Any CPU.Build.0 = Release|Any CPU
	EndGlobalSection
	GlobalSection(SolutionProperties) = preSolution
		HideSolutionNode = FALSE
	EndGlobalSection
	GlobalSection(ExtensibilityGlobals) = postSolution
		SolutionGuid = {4BCD3243-EE32-4E6D-9312-6AE36CB583AD}
	EndGlobalSection
EndGlobal
